
Microsoft Visual Studio Solution File, Format Version 12.00
# Visual Studio Version 17
VisualStudioVersion = 17.14.36705.20 d17.14
MinimumVisualStudioVersion = 10.0.40219.1
Project("{FAE04EC0-301F-11D3-BF4B-00C04F79EFBC}") = "WinForms-TreeView-File-Explorer-Recursive-Direct", "WinForms-TreeView-File-Explorer-Recursive-Direct.csproj", "{495F0D8A-A551-43BC-8B1F-467D1E5C09EB}"
EndProject
Global
	GlobalSection(SolutionConfigurationPlatforms) = preSolution
		Debug|Any CPU = Debug|Any CPU
		Release|Any CPU = Release|Any CPU
	EndGlobalSection
	GlobalSection(ProjectConfigurationPlatforms) = postSolution
		{495F0D8A-A551-43BC-8B1F-467D1E5C09EB}.Debug|Any CPU.ActiveCfg = Debug|Any CPU
		{495F0D8A-A551-43BC-8B1F-467D1E5C09EB}.Debug|Any CPU.Build.0 = Debug|Any CPU
		{495F0D8A-A551-43BC-8B1F-467D1E5C09EB}.Release|Any CPU.ActiveCfg = Release|Any CPU
		{495F0D8A-A551-43BC-8B1F-467D1E5C09EB}.Release|Any CPU.Build.0 = Release|Any CPU
	EndGlobalSection
	GlobalSection(SolutionProperties) = preSolution
		HideSolutionNode = FALSE
	EndGlobalSection
	GlobalSection(ExtensibilityGlobals) = postSolution
		SolutionGuid = {340E18C2-EDDC-4816-B08B-C1913520C0B0}
	EndGlobalSection
EndGlobal
